
Microsoft Visual Studio Solution File, Format Version 12.00
# Visual Studio Version 16
VisualStudioVersion = 25.0.1706.4
MinimumVisualStudioVersion = 10.0.40219.1
Project("{FAE04EC0-301F-11D3-BF4B-00C04F79EFBC}") = "Ex1", "Labsheet 4\Ex1.csproj", "{CB92B3AE-2022-4A2E-A759-D608EF981111}"
EndProject
Project("{FAE04EC0-301F-11D3-BF4B-00C04F79EFBC}") = "Ex2", "Ex2\Ex2.csproj", "{D74A8653-9DC2-498A-8405-B8A6C58BC767}"
EndProject
Project("{FAE04EC0-301F-11D3-BF4B-00C04F79EFBC}") = "Ex2a", "Ex2a\Ex2a.csproj", "{E8A7F70B-33D7-463E-8371-322CDB7C7536}"
EndProject
Project("{FAE04EC0-301F-11D3-BF4B-00C04F79EFBC}") = "Ex3", "Ex3\Ex3.csproj", "{847DD1B6-C682-436B-AE5B-55350BFBD166}"
EndProject
Project("{FAE04EC0-301F-11D3-BF4B-00C04F79EFBC}") = "Ex5", "Ex5\Ex5.csproj", "{E3DD2666-CF3F-453E-9A17-1FC98E3EBA1E}"
EndProject
Project("{FAE04EC0-301F-11D3-BF4B-00C04F79EFBC}") = "Ex4", "Ex4\Ex4.csproj", "{230A146F-F14B-492F-96A5-F3AE8E65EC7A}"
EndProject
Global
	GlobalSection(SolutionConfigurationPlatforms) = preSolution
		Debug|Any CPU = Debug|Any CPU
		Release|Any CPU = Release|Any CPU
	EndGlobalSection
	GlobalSection(ProjectConfigurationPlatforms) = postSolution
		{CB92B3AE-2022-4A2E-A759-D608EF981111}.Debug|Any CPU.ActiveCfg = Debug|Any CPU
		{CB92B3AE-2022-4A2E-A759-D608EF981111}.Debug|Any CPU.Build.0 = Debug|Any CPU
		{CB92B3AE-2022-4A2E-A759-D608EF981111}.Release|Any CPU.ActiveCfg = Release|Any CPU
		{CB92B3AE-2022-4A2E-A759-D608EF981111}.Release|Any CPU.Build.0 = Release|Any CPU
		{D74A8653-9DC2-498A-8405-B8A6C58BC767}.Debug|Any CPU.ActiveCfg = Debug|Any CPU
		{D74A8653-9DC2-498A-8405-B8A6C58BC767}.Debug|Any CPU.Build.0 = Debug|Any CPU
		{D74A8653-9DC2-498A-8405-B8A6C58BC767}.Release|Any CPU.ActiveCfg = Release|Any CPU
		{D74A8653-9DC2-498A-8405-B8A6C58BC767}.Release|Any CPU.Build.0 = Release|Any CPU
		{E8A7F70B-33D7-463E-8371-322CDB7C7536}.Debug|Any CPU.ActiveCfg = Debug|Any CPU
		{E8A7F70B-33D7-463E-8371-322CDB7C7536}.Debug|Any CPU.Build.0 = Debug|Any CPU
		{E8A7F70B-33D7-463E-8371-322CDB7C7536}.Release|Any CPU.ActiveCfg = Release|Any CPU
		{E8A7F70B-33D7-463E-8371-322CDB7C7536}.Release|Any CPU.Build.0 = Release|Any CPU
		{847DD1B6-C682-436B-AE5B-55350BFBD166}.Debug|Any CPU.ActiveCfg = Debug|Any CPU
		{847DD1B6-C682-436B-AE5B-55350BFBD166}.Debug|Any CPU.Build.0 = Debug|Any CPU
		{847DD1B6-C682-436B-AE5B-55350BFBD166}.Release|Any CPU.ActiveCfg = Release|Any CPU
		{847DD1B6-C682-436B-AE5B-55350BFBD166}.Release|Any CPU.Build.0 = Release|Any CPU
		{E3DD2666-CF3F-453E-9A17-1FC98E3EBA1E}.Debug|Any CPU.ActiveCfg = Debug|Any CPU
		{E3DD2666-CF3F-453E-9A17-1FC98E3EBA1E}.Debug|Any CPU.Build.0 = Debug|Any CPU
		{E3DD2666-CF3F-453E-9A17-1FC98E3EBA1E}.Release|Any CPU.ActiveCfg = Release|Any CPU
		{E3DD2666-CF3F-453E-9A17-1FC98E3EBA1E}.Release|Any CPU.Build.0 = Release|Any CPU
		{230A146F-F14B-492F-96A5-F3AE8E65EC7A}.Debug|Any CPU.ActiveCfg = Debug|Any CPU
		{230A146F-F14B-492F-96A5-F3AE8E65EC7A}.Debug|Any CPU.Build.0 = Debug|Any CPU
		{230A146F-F14B-492F-96A5-F3AE8E65EC7A}.Release|Any CPU.ActiveCfg = Release|Any CPU
		{230A146F-F14B-492F-96A5-F3AE8E65EC7A}.Release|Any CPU.Build.0 = Release|Any CPU
	EndGlobalSection
	GlobalSection(SolutionProperties) = preSolution
		HideSolutionNode = FALSE
	EndGlobalSection
	GlobalSection(ExtensibilityGlobals) = postSolution
		SolutionGuid = {D2AE6557-B2CA-426A-9E76-07CD921D11F4}
	EndGlobalSection
EndGlobal
